
Microsoft Visual Studio Solution File, Format Version 12.00
# Visual Studio Version 17
VisualStudioVersion = 17.12.35527.113
MinimumVisualStudioVersion = 10.0.40219.1
Project("{FAE04EC0-301F-11D3-BF4B-00C04F79EFBC}") = "Starter", "Starter\Starter.csproj", "{F48452D5-4FA5-4FED-822B-FFE26E9CAB99}"
EndProject
Project("{FAE04EC0-301F-11D3-BF4B-00C04F79EFBC}") = "UI", "UI\UI.csproj", "{2B0AFD1A-66A6-4AB8-BAB4-B34E7191597C}"
EndProject
Project("{FAE04EC0-301F-11D3-BF4B-00C04F79EFBC}") = "Common", "Common\Common.csproj", "{D0CAA427-1E95-421E-B223-40E38F7EEB2D}"
EndProject
Project("{FAE04EC0-301F-11D3-BF4B-00C04F79EFBC}") = "Sequence", "Sequence\Sequence.csproj", "{F6FDA7C2-4101-49E6-B088-8B5BA1CFED42}"
EndProject
Global
	GlobalSection(SolutionConfigurationPlatforms) = preSolution
		Debug|Any CPU = Debug|Any CPU
		Release|Any CPU = Release|Any CPU
	EndGlobalSection
	GlobalSection(ProjectConfigurationPlatforms) = postSolution
		{F48452D5-4FA5-4FED-822B-FFE26E9CAB99}.Debug|Any CPU.ActiveCfg = Debug|Any CPU
		{F48452D5-4FA5-4FED-822B-FFE26E9CAB99}.Debug|Any CPU.Build.0 = Debug|Any CPU
		{F48452D5-4FA5-4FED-822B-FFE26E9CAB99}.Release|Any CPU.ActiveCfg = Release|Any CPU
		{F48452D5-4FA5-4FED-822B-FFE26E9CAB99}.Release|Any CPU.Build.0 = Release|Any CPU
		{2B0AFD1A-66A6-4AB8-BAB4-B34E7191597C}.Debug|Any CPU.ActiveCfg = Debug|Any CPU
		{2B0AFD1A-66A6-4AB8-BAB4-B34E7191597C}.Debug|Any CPU.Build.0 = Debug|Any CPU
		{2B0AFD1A-66A6-4AB8-BAB4-B34E7191597C}.Release|Any CPU.ActiveCfg = Release|Any CPU
		{2B0AFD1A-66A6-4AB8-BAB4-B34E7191597C}.Release|Any CPU.Build.0 = Release|Any CPU
		{D0CAA427-1E95-421E-B223-40E38F7EEB2D}.Debug|Any CPU.ActiveCfg = Debug|Any CPU
		{D0CAA427-1E95-421E-B223-40E38F7EEB2D}.Debug|Any CPU.Build.0 = Debug|Any CPU
		{D0CAA427-1E95-421E-B223-40E38F7EEB2D}.Release|Any CPU.ActiveCfg = Release|Any CPU
		{D0CAA427-1E95-421E-B223-40E38F7EEB2D}.Release|Any CPU.Build.0 = Release|Any CPU
		{F6FDA7C2-4101-49E6-B088-8B5BA1CFED42}.Debug|Any CPU.ActiveCfg = Debug|Any CPU
		{F6FDA7C2-4101-49E6-B088-8B5BA1CFED42}.Debug|Any CPU.Build.0 = Debug|Any CPU
		{F6FDA7C2-4101-49E6-B088-8B5BA1CFED42}.Release|Any CPU.ActiveCfg = Release|Any CPU
		{F6FDA7C2-4101-49E6-B088-8B5BA1CFED42}.Release|Any CPU.Build.0 = Release|Any CPU
	EndGlobalSection
	GlobalSection(SolutionProperties) = preSolution
		HideSolutionNode = FALSE
	EndGlobalSection
EndGlobal
